
Microsoft Visual Studio Solution File, Format Version 12.00
# Visual Studio Version 16
VisualStudioVersion = 16.0.29102.190
MinimumVisualStudioVersion = 10.0.40219.1
Project("{9A19103F-16F7-4668-BE54-9A1E7A4F7556}") = "GuxtEditor", "GuxtEditor\GuxtEditor.csproj", "{9835D0CF-6129-4EA6-8CD0-92078C639795}"
EndProject
Project("{9A19103F-16F7-4668-BE54-9A1E7A4F7556}") = "GuxtModdingFramework", "GuxtModdingFramework\GuxtModdingFramework.csproj", "{35FE244C-51A2-462E-B3C0-676235E2A891}"
EndProject
Project("{FAE04EC0-301F-11D3-BF4B-00C04F79EFBC}") = "WinFormsKeybinds", "..\WinFormsKeybinds\WinFormsKeybinds\WinFormsKeybinds.csproj", "{01D4486A-D72A-421D-842F-AB35EF1CDFBB}"
EndProject
Project("{9A19103F-16F7-4668-BE54-9A1E7A4F7556}") = "PixelModdingFramework", "..\PixelModdingFramework\PixelModdingFramework\PixelModdingFramework.csproj", "{3E3EF640-1839-47C6-9C21-8BE8127D351C}"
EndProject
Project("{FAE04EC0-301F-11D3-BF4B-00C04F79EFBC}") = "LayeredPictureBox", "..\LayeredPictureBox\LayeredPictureBox\LayeredPictureBox.csproj", "{2BCB2AFA-27DB-4B92-83F8-02B859F1E1F4}"
EndProject
Global
	GlobalSection(SolutionConfigurationPlatforms) = preSolution
		Debug|Any CPU = Debug|Any CPU
		Release|Any CPU = Release|Any CPU
	EndGlobalSection
	GlobalSection(ProjectConfigurationPlatforms) = postSolution
		{9835D0CF-6129-4EA6-8CD0-92078C639795}.Debug|Any CPU.ActiveCfg = Debug|Any CPU
		{9835D0CF-6129-4EA6-8CD0-92078C639795}.Debug|Any CPU.Build.0 = Debug|Any CPU
		{9835D0CF-6129-4EA6-8CD0-92078C639795}.Release|Any CPU.ActiveCfg = Release|Any CPU
		{9835D0CF-6129-4EA6-8CD0-92078C639795}.Release|Any CPU.Build.0 = Release|Any CPU
		{35FE244C-51A2-462E-B3C0-676235E2A891}.Debug|Any CPU.ActiveCfg = Debug|Any CPU
		{35FE244C-51A2-462E-B3C0-676235E2A891}.Debug|Any CPU.Build.0 = Debug|Any CPU
		{35FE244C-51A2-462E-B3C0-676235E2A891}.Release|Any CPU.ActiveCfg = Release|Any CPU
		{35FE244C-51A2-462E-B3C0-676235E2A891}.Release|Any CPU.Build.0 = Release|Any CPU
		{01D4486A-D72A-421D-842F-AB35EF1CDFBB}.Debug|Any CPU.ActiveCfg = Debug|Any CPU
		{01D4486A-D72A-421D-842F-AB35EF1CDFBB}.Debug|Any CPU.Build.0 = Debug|Any CPU
		{01D4486A-D72A-421D-842F-AB35EF1CDFBB}.Release|Any CPU.ActiveCfg = Release|Any CPU
		{01D4486A-D72A-421D-842F-AB35EF1CDFBB}.Release|Any CPU.Build.0 = Release|Any CPU
		{3E3EF640-1839-47C6-9C21-8BE8127D351C}.Debug|Any CPU.ActiveCfg = Debug|Any CPU
		{3E3EF640-1839-47C6-9C21-8BE8127D351C}.Debug|Any CPU.Build.0 = Debug|Any CPU
		{3E3EF640-1839-47C6-9C21-8BE8127D351C}.Release|Any CPU.ActiveCfg = Release|Any CPU
		{3E3EF640-1839-47C6-9C21-8BE8127D351C}.Release|Any CPU.Build.0 = Release|Any CPU
		{2BCB2AFA-27DB-4B92-83F8-02B859F1E1F4}.Debug|Any CPU.ActiveCfg = Debug|Any CPU
		{2BCB2AFA-27DB-4B92-83F8-02B859F1E1F4}.Debug|Any CPU.Build.0 = Debug|Any CPU
		{2BCB2AFA-27DB-4B92-83F8-02B859F1E1F4}.Release|Any CPU.ActiveCfg = Release|Any CPU
		{2BCB2AFA-27DB-4B92-83F8-02B859F1E1F4}.Release|Any CPU.Build.0 = Release|Any CPU
	EndGlobalSection
	GlobalSection(SolutionProperties) = preSolution
		HideSolutionNode = FALSE
	EndGlobalSection
	GlobalSection(ExtensibilityGlobals) = postSolution
		SolutionGuid = {65466DDC-2192-40ED-89FD-CA6BB14D9BBD}
	EndGlobalSection
EndGlobal
